
Microsoft Visual Studio Solution File, Format Version 12.00
# Visual Studio Version 16
VisualStudioVersion = 16.0.28527.54
MinimumVisualStudioVersion = 10.0.40219.1
Project("{9A19103F-16F7-4668-BE54-9A1E7A4F7556}") = "ProfitManager", "ProfitManager\ProfitManager.csproj", "{3F0EE71B-B544-4C6C-BA40-9B0A3B87470D}"
EndProject
Project("{00D1A9C2-B5F0-4AF3-8072-F6C62B433612}") = "ProfitManager.Database", "ProfitManager.Database\ProfitManager.Database.sqlproj", "{0AF46D2C-0BC1-43C4-9033-B9007C628C08}"
EndProject
Global
	GlobalSection(SolutionConfigurationPlatforms) = preSolution
		Debug|Any CPU = Debug|Any CPU
		Release|Any CPU = Release|Any CPU
	EndGlobalSection
	GlobalSection(ProjectConfigurationPlatforms) = postSolution
		{3F0EE71B-B544-4C6C-BA40-9B0A3B87470D}.Debug|Any CPU.ActiveCfg = Debug|Any CPU
		{3F0EE71B-B544-4C6C-BA40-9B0A3B87470D}.Debug|Any CPU.Build.0 = Debug|Any CPU
		{3F0EE71B-B544-4C6C-BA40-9B0A3B87470D}.Release|Any CPU.ActiveCfg = Release|Any CPU
		{3F0EE71B-B544-4C6C-BA40-9B0A3B87470D}.Release|Any CPU.Build.0 = Release|Any CPU
		{0AF46D2C-0BC1-43C4-9033-B9007C628C08}.Debug|Any CPU.ActiveCfg = Debug|Any CPU
		{0AF46D2C-0BC1-43C4-9033-B9007C628C08}.Debug|Any CPU.Build.0 = Debug|Any CPU
		{0AF46D2C-0BC1-43C4-9033-B9007C628C08}.Debug|Any CPU.Deploy.0 = Debug|Any CPU
		{0AF46D2C-0BC1-43C4-9033-B9007C628C08}.Release|Any CPU.ActiveCfg = Release|Any CPU
		{0AF46D2C-0BC1-43C4-9033-B9007C628C08}.Release|Any CPU.Build.0 = Release|Any CPU
		{0AF46D2C-0BC1-43C4-9033-B9007C628C08}.Release|Any CPU.Deploy.0 = Release|Any CPU
	EndGlobalSection
	GlobalSection(SolutionProperties) = preSolution
		HideSolutionNode = FALSE
	EndGlobalSection
	GlobalSection(ExtensibilityGlobals) = postSolution
		SolutionGuid = {2AE52B5F-819A-4C6F-805D-84E1DFD712F6}
	EndGlobalSection
EndGlobal
